// !$*UTF8*$!
{
	archiveVersion = 1;
	classes = {
	};
	objectVersion = 46;
	objects = {

/* Begin PBXBuildFile section */
		4ACC41542968E06052AD52EB /* Pods_MusiqueDataEntry.framework in Frameworks */ = {isa = PBXBuildFile; fileRef = 35930150045AE778BC0282D1 /* Pods_MusiqueDataEntry.framework */; };
		DB1C80731EA7EBC6008A9B6C /* Main.storyboard in Resources */ = {isa = PBXBuildFile; fileRef = DB1C80721EA7EBC6008A9B6C /* Main.storyboard */; };
		DB1C80751EA7EC00008A9B6C /* Bolts.framework in Frameworks */ = {isa = PBXBuildFile; fileRef = DB1C80741EA7EC00008A9B6C /* Bolts.framework */; };
		DB1C80771EA7EC0F008A9B6C /* FBSDKCoreKit.framework in Frameworks */ = {isa = PBXBuildFile; fileRef = DB1C80761EA7EC0F008A9B6C /* FBSDKCoreKit.framework */; };
		DB1C80791EA7EC20008A9B6C /* FBSDKShareKit.framework in Frameworks */ = {isa = PBXBuildFile; fileRef = DB1C80781EA7EC20008A9B6C /* FBSDKShareKit.framework */; };
		DB1C807B1EA7EC29008A9B6C /* FBSDKLoginKit.framework in Frameworks */ = {isa = PBXBuildFile; fileRef = DB1C807A1EA7EC29008A9B6C /* FBSDKLoginKit.framework */; };
		DB1D55091EF06C4E005A1099 /* SeatGeekCell.swift in Sources */ = {isa = PBXBuildFile; fileRef = DB1D55081EF06C4E005A1099 /* SeatGeekCell.swift */; };
		DB1D550B1EF07EC4005A1099 /* VideoVC.swift in Sources */ = {isa = PBXBuildFile; fileRef = DB1D550A1EF07EC4005A1099 /* VideoVC.swift */; };
		DB1DEA8D1EA9291600FD27BD /* Band.swift in Sources */ = {isa = PBXBuildFile; fileRef = DB1DEA8C1EA9291600FD27BD /* Band.swift */; };
		DB1DEA8F1EA9293E00FD27BD /* NetworkController.swift in Sources */ = {isa = PBXBuildFile; fileRef = DB1DEA8E1EA9293E00FD27BD /* NetworkController.swift */; };
		DB1DEA911EA92A6900FD27BD /* Event.swift in Sources */ = {isa = PBXBuildFile; fileRef = DB1DEA901EA92A6900FD27BD /* Event.swift */; };
		DB1DEA931EA92A7800FD27BD /* Venue.swift in Sources */ = {isa = PBXBuildFile; fileRef = DB1DEA921EA92A7800FD27BD /* Venue.swift */; };
		DB1DEA951EA92E0000FD27BD /* TabBarController.swift in Sources */ = {isa = PBXBuildFile; fileRef = DB1DEA941EA92E0000FD27BD /* TabBarController.swift */; };
		DB1DEA971EA92EBF00FD27BD /* EventEntryVC.swift in Sources */ = {isa = PBXBuildFile; fileRef = DB1DEA961EA92EBF00FD27BD /* EventEntryVC.swift */; };
		DB5B1A911EF102E400C80D20 /* EditBandVC.swift in Sources */ = {isa = PBXBuildFile; fileRef = DB5B1A901EF102E400C80D20 /* EditBandVC.swift */; };
		DB6598661EAAEC680085BD05 /* AutoCompleteTextField.swift in Sources */ = {isa = PBXBuildFile; fileRef = DB6598651EAAEC680085BD05 /* AutoCompleteTextField.swift */; };
		DB6598681EAAEFB50085BD05 /* GoogleService-Info.plist in Resources */ = {isa = PBXBuildFile; fileRef = DB6598671EAAEFB50085BD05 /* GoogleService-Info.plist */; };
		DB65986A1EAAF2920085BD05 /* VenueEntryVC.swift in Sources */ = {isa = PBXBuildFile; fileRef = DB6598691EAAF2920085BD05 /* VenueEntryVC.swift */; };
		DB65986C1EAE8D560085BD05 /* ToDoVC.swift in Sources */ = {isa = PBXBuildFile; fileRef = DB65986B1EAE8D560085BD05 /* ToDoVC.swift */; };
		DB7176F81EA7E713008666AC /* AppDelegate.swift in Sources */ = {isa = PBXBuildFile; fileRef = DB7176F71EA7E712008666AC /* AppDelegate.swift */; };
		DB7176FA1EA7E713008666AC /* BandEntryVC.swift in Sources */ = {isa = PBXBuildFile; fileRef = DB7176F91EA7E713008666AC /* BandEntryVC.swift */; };
		DB7176FF1EA7E713008666AC /* Assets.xcassets in Resources */ = {isa = PBXBuildFile; fileRef = DB7176FE1EA7E713008666AC /* Assets.xcassets */; };
		DB7177021EA7E713008666AC /* LaunchScreen.storyboard in Resources */ = {isa = PBXBuildFile; fileRef = DB7177001EA7E713008666AC /* LaunchScreen.storyboard */; };
		DB71770D1EA7E713008666AC /* MusiqueDataEntryTests.swift in Sources */ = {isa = PBXBuildFile; fileRef = DB71770C1EA7E713008666AC /* MusiqueDataEntryTests.swift */; };
		DB7177181EA7E713008666AC /* MusiqueDataEntryUITests.swift in Sources */ = {isa = PBXBuildFile; fileRef = DB7177171EA7E713008666AC /* MusiqueDataEntryUITests.swift */; };
		DBAC9C251EF0333400CDDA72 /* NetworkController+ToDo.swift in Sources */ = {isa = PBXBuildFile; fileRef = DBAC9C241EF0333400CDDA72 /* NetworkController+ToDo.swift */; };
		DBAC9C271EF033B900CDDA72 /* NetworkController+Send.swift in Sources */ = {isa = PBXBuildFile; fileRef = DBAC9C261EF033B900CDDA72 /* NetworkController+Send.swift */; };
		DBAC9C291EF03C7000CDDA72 /* ToDoCell.swift in Sources */ = {isa = PBXBuildFile; fileRef = DBAC9C281EF03C7000CDDA72 /* ToDoCell.swift */; };
		DBAC9C2B1EF04FB700CDDA72 /* SeatGeekController.swift in Sources */ = {isa = PBXBuildFile; fileRef = DBAC9C2A1EF04FB700CDDA72 /* SeatGeekController.swift */; };
		DBAC9C2D1EF0535700CDDA72 /* SeatGeekVC.swift in Sources */ = {isa = PBXBuildFile; fileRef = DBAC9C2C1EF0535700CDDA72 /* SeatGeekVC.swift */; };
		DBAC9C2F1EF0560300CDDA72 /* SeatGeekEvent.swift in Sources */ = {isa = PBXBuildFile; fileRef = DBAC9C2E1EF0560300CDDA72 /* SeatGeekEvent.swift */; };
/* End PBXBuildFile section */

/* Begin PBXContainerItemProxy section */
		DB7177091EA7E713008666AC /* PBXContainerItemProxy */ = {
			isa = PBXContainerItemProxy;
			containerPortal = DB7176EC1EA7E712008666AC /* Project object */;
			proxyType = 1;
			remoteGlobalIDString = DB7176F31EA7E712008666AC;
			remoteInfo = MusiqueDataEntry;
		};
		DB7177141EA7E713008666AC /* PBXContainerItemProxy */ = {
			isa = PBXContainerItemProxy;
			containerPortal = DB7176EC1EA7E712008666AC /* Project object */;
			proxyType = 1;
			remoteGlobalIDString = DB7176F31EA7E712008666AC;
			remoteInfo = MusiqueDataEntry;
		};
/* End PBXContainerItemProxy section */

/* Begin PBXFileReference section */
		35930150045AE778BC0282D1 /* Pods_MusiqueDataEntry.framework */ = {isa = PBXFileReference; explicitFileType = wrapper.framework; includeInIndex = 0; path = Pods_MusiqueDataEntry.framework; sourceTree = BUILT_PRODUCTS_DIR; };
		3F282016DCA9D71E8F449973 /* Pods-MusiqueDataEntry.release.xcconfig */ = {isa = PBXFileReference; includeInIndex = 1; lastKnownFileType = text.xcconfig; name = "Pods-MusiqueDataEntry.release.xcconfig"; path = "Pods/Target Support Files/Pods-MusiqueDataEntry/Pods-MusiqueDataEntry.release.xcconfig"; sourceTree = "<group>"; };
		AAF82A41F63859A724020D2B /* Pods-MusiqueDataEntry.debug.xcconfig */ = {isa = PBXFileReference; includeInIndex = 1; lastKnownFileType = text.xcconfig; name = "Pods-MusiqueDataEntry.debug.xcconfig"; path = "Pods/Target Support Files/Pods-MusiqueDataEntry/Pods-MusiqueDataEntry.debug.xcconfig"; sourceTree = "<group>"; };
		DB1C80721EA7EBC6008A9B6C /* Main.storyboard */ = {isa = PBXFileReference; fileEncoding = 4; lastKnownFileType = file.storyboard; path = Main.storyboard; sourceTree = "<group>"; };
		DB1C80741EA7EC00008A9B6C /* Bolts.framework */ = {isa = PBXFileReference; lastKnownFileType = wrapper.framework; path = Bolts.framework; sourceTree = "<group>"; };
		DB1C80761EA7EC0F008A9B6C /* FBSDKCoreKit.framework */ = {isa = PBXFileReference; lastKnownFileType = wrapper.framework; path = FBSDKCoreKit.framework; sourceTree = "<group>"; };
		DB1C80781EA7EC20008A9B6C /* FBSDKShareKit.framework */ = {isa = PBXFileReference; lastKnownFileType = wrapper.framework; path = FBSDKShareKit.framework; sourceTree = "<group>"; };
		DB1C807A1EA7EC29008A9B6C /* FBSDKLoginKit.framework */ = {isa = PBXFileReference; lastKnownFileType = wrapper.framework; path = FBSDKLoginKit.framework; sourceTree = "<group>"; };
		DB1D55081EF06C4E005A1099 /* SeatGeekCell.swift */ = {isa = PBXFileReference; fileEncoding = 4; lastKnownFileType = sourcecode.swift; path = SeatGeekCell.swift; sourceTree = "<group>"; };
		DB1D550A1EF07EC4005A1099 /* VideoVC.swift */ = {isa = PBXFileReference; fileEncoding = 4; lastKnownFileType = sourcecode.swift; path = VideoVC.swift; sourceTree = "<group>"; };
		DB1DEA8C1EA9291600FD27BD /* Band.swift */ = {isa = PBXFileReference; fileEncoding = 4; lastKnownFileType = sourcecode.swift; path = Band.swift; sourceTree = "<group>"; };
		DB1DEA8E1EA9293E00FD27BD /* NetworkController.swift */ = {isa = PBXFileReference; fileEncoding = 4; lastKnownFileType = sourcecode.swift; path = NetworkController.swift; sourceTree = "<group>"; };
		DB1DEA901EA92A6900FD27BD /* Event.swift */ = {isa = PBXFileReference; fileEncoding = 4; lastKnownFileType = sourcecode.swift; path = Event.swift; sourceTree = "<group>"; };
		DB1DEA921EA92A7800FD27BD /* Venue.swift */ = {isa = PBXFileReference; fileEncoding = 4; lastKnownFileType = sourcecode.swift; path = Venue.swift; sourceTree = "<group>"; };
		DB1DEA941EA92E0000FD27BD /* TabBarController.swift */ = {isa = PBXFileReference; fileEncoding = 4; lastKnownFileType = sourcecode.swift; name = TabBarController.swift; path = ../TabBarController.swift; sourceTree = "<group>"; };
		DB1DEA961EA92EBF00FD27BD /* EventEntryVC.swift */ = {isa = PBXFileReference; fileEncoding = 4; lastKnownFileType = sourcecode.swift; path = EventEntryVC.swift; sourceTree = "<group>"; };
		DB5B1A901EF102E400C80D20 /* EditBandVC.swift */ = {isa = PBXFileReference; fileEncoding = 4; lastKnownFileType = sourcecode.swift; path = EditBandVC.swift; sourceTree = "<group>"; };
		DB6598651EAAEC680085BD05 /* AutoCompleteTextField.swift */ = {isa = PBXFileReference; fileEncoding = 4; lastKnownFileType = sourcecode.swift; path = AutoCompleteTextField.swift; sourceTree = "<group>"; };
		DB6598671EAAEFB50085BD05 /* GoogleService-Info.plist */ = {isa = PBXFileReference; fileEncoding = 4; lastKnownFileType = text.plist.xml; path = "GoogleService-Info.plist"; sourceTree = "<group>"; };
		DB6598691EAAF2920085BD05 /* VenueEntryVC.swift */ = {isa = PBXFileReference; fileEncoding = 4; lastKnownFileType = sourcecode.swift; path = VenueEntryVC.swift; sourceTree = "<group>"; };
		DB65986B1EAE8D560085BD05 /* ToDoVC.swift */ = {isa = PBXFileReference; fileEncoding = 4; lastKnownFileType = sourcecode.swift; path = ToDoVC.swift; sourceTree = "<group>"; };
		DB7176F41EA7E712008666AC /* MusiqueDataEntry.app */ = {isa = PBXFileReference; explicitFileType = wrapper.application; includeInIndex = 0; path = MusiqueDataEntry.app; sourceTree = BUILT_PRODUCTS_DIR; };
		DB7176F71EA7E712008666AC /* AppDelegate.swift */ = {isa = PBXFileReference; lastKnownFileType = sourcecode.swift; path = AppDelegate.swift; sourceTree = "<group>"; };
		DB7176F91EA7E713008666AC /* BandEntryVC.swift */ = {isa = PBXFileReference; lastKnownFileType = sourcecode.swift; path = BandEntryVC.swift; sourceTree = "<group>"; };
		DB7176FE1EA7E713008666AC /* Assets.xcassets */ = {isa = PBXFileReference; lastKnownFileType = folder.assetcatalog; path = Assets.xcassets; sourceTree = "<group>"; };
		DB7177011EA7E713008666AC /* Base */ = {isa = PBXFileReference; lastKnownFileType = file.storyboard; name = Base; path = Base.lproj/LaunchScreen.storyboard; sourceTree = "<group>"; };
		DB7177031EA7E713008666AC /* Info.plist */ = {isa = PBXFileReference; lastKnownFileType = text.plist.xml; path = Info.plist; sourceTree = "<group>"; };
		DB7177081EA7E713008666AC /* MusiqueDataEntryTests.xctest */ = {isa = PBXFileReference; explicitFileType = wrapper.cfbundle; includeInIndex = 0; path = MusiqueDataEntryTests.xctest; sourceTree = BUILT_PRODUCTS_DIR; };
		DB71770C1EA7E713008666AC /* MusiqueDataEntryTests.swift */ = {isa = PBXFileReference; lastKnownFileType = sourcecode.swift; path = MusiqueDataEntryTests.swift; sourceTree = "<group>"; };
		DB71770E1EA7E713008666AC /* Info.plist */ = {isa = PBXFileReference; lastKnownFileType = text.plist.xml; path = Info.plist; sourceTree = "<group>"; };
		DB7177131EA7E713008666AC /* MusiqueDataEntryUITests.xctest */ = {isa = PBXFileReference; explicitFileType = wrapper.cfbundle; includeInIndex = 0; path = MusiqueDataEntryUITests.xctest; sourceTree = BUILT_PRODUCTS_DIR; };
		DB7177171EA7E713008666AC /* MusiqueDataEntryUITests.swift */ = {isa = PBXFileReference; lastKnownFileType = sourcecode.swift; path = MusiqueDataEntryUITests.swift; sourceTree = "<group>"; };
		DB7177191EA7E713008666AC /* Info.plist */ = {isa = PBXFileReference; lastKnownFileType = text.plist.xml; path = Info.plist; sourceTree = "<group>"; };
		DBAC9C241EF0333400CDDA72 /* NetworkController+ToDo.swift */ = {isa = PBXFileReference; fileEncoding = 4; lastKnownFileType = sourcecode.swift; path = "NetworkController+ToDo.swift"; sourceTree = "<group>"; };
		DBAC9C261EF033B900CDDA72 /* NetworkController+Send.swift */ = {isa = PBXFileReference; fileEncoding = 4; lastKnownFileType = sourcecode.swift; path = "NetworkController+Send.swift"; sourceTree = "<group>"; };
		DBAC9C281EF03C7000CDDA72 /* ToDoCell.swift */ = {isa = PBXFileReference; fileEncoding = 4; lastKnownFileType = sourcecode.swift; path = ToDoCell.swift; sourceTree = "<group>"; };
		DBAC9C2A1EF04FB700CDDA72 /* SeatGeekController.swift */ = {isa = PBXFileReference; fileEncoding = 4; lastKnownFileType = sourcecode.swift; path = SeatGeekController.swift; sourceTree = "<group>"; };
		DBAC9C2C1EF0535700CDDA72 /* SeatGeekVC.swift */ = {isa = PBXFileReference; fileEncoding = 4; lastKnownFileType = sourcecode.swift; path = SeatGeekVC.swift; sourceTree = "<group>"; };
		DBAC9C2E1EF0560300CDDA72 /* SeatGeekEvent.swift */ = {isa = PBXFileReference; fileEncoding = 4; lastKnownFileType = sourcecode.swift; name = SeatGeekEvent.swift; path = ../SeatGeekEvent.swift; sourceTree = "<group>"; };
/* End PBXFileReference section */

/* Begin PBXFrameworksBuildPhase section */
		DB7176F11EA7E712008666AC /* Frameworks */ = {
			isa = PBXFrameworksBuildPhase;
			buildActionMask = 2147483647;
			files = (
				DB1C80751EA7EC00008A9B6C /* Bolts.framework in Frameworks */,
				DB1C80771EA7EC0F008A9B6C /* FBSDKCoreKit.framework in Frameworks */,
				DB1C807B1EA7EC29008A9B6C /* FBSDKLoginKit.framework in Frameworks */,
				DB1C80791EA7EC20008A9B6C /* FBSDKShareKit.framework in Frameworks */,
				4ACC41542968E06052AD52EB /* Pods_MusiqueDataEntry.framework in Frameworks */,
			);
			runOnlyForDeploymentPostprocessing = 0;
		};
		DB7177051EA7E713008666AC /* Frameworks */ = {
			isa = PBXFrameworksBuildPhase;
			buildActionMask = 2147483647;
			files = (
			);
			runOnlyForDeploymentPostprocessing = 0;
		};
		DB7177101EA7E713008666AC /* Frameworks */ = {
			isa = PBXFrameworksBuildPhase;
			buildActionMask = 2147483647;
			files = (
			);
			runOnlyForDeploymentPostprocessing = 0;
		};
/* End PBXFrameworksBuildPhase section */

/* Begin PBXGroup section */
		D7D74D51A02AF0AE542CB59E /* Pods */ = {
			isa = PBXGroup;
			children = (
				AAF82A41F63859A724020D2B /* Pods-MusiqueDataEntry.debug.xcconfig */,
				3F282016DCA9D71E8F449973 /* Pods-MusiqueDataEntry.release.xcconfig */,
			);
			name = Pods;
			sourceTree = "<group>";
		};
		DB1C807C1EA7EC2F008A9B6C /* FBSDK */ = {
			isa = PBXGroup;
			children = (
				DB1C80741EA7EC00008A9B6C /* Bolts.framework */,
				DB1C80761EA7EC0F008A9B6C /* FBSDKCoreKit.framework */,
				DB1C807A1EA7EC29008A9B6C /* FBSDKLoginKit.framework */,
				DB1C80781EA7EC20008A9B6C /* FBSDKShareKit.framework */,
			);
			name = FBSDK;
			sourceTree = "<group>";
		};
		DB1C807D1EA7EC3B008A9B6C /* Resources */ = {
			isa = PBXGroup;
			children = (
				DB7177001EA7E713008666AC /* LaunchScreen.storyboard */,
				DB7177031EA7E713008666AC /* Info.plist */,
				DB7176FE1EA7E713008666AC /* Assets.xcassets */,
				DB1C80721EA7EBC6008A9B6C /* Main.storyboard */,
				DB1C807C1EA7EC2F008A9B6C /* FBSDK */,
			);
			name = Resources;
			sourceTree = "<group>";
		};
		DB7176EB1EA7E712008666AC = {
			isa = PBXGroup;
			children = (
				DB7176F61EA7E712008666AC /* MusiqueDataEntry */,
				DB71770B1EA7E713008666AC /* MusiqueDataEntryTests */,
				DB7177161EA7E713008666AC /* MusiqueDataEntryUITests */,
				DB7176F51EA7E712008666AC /* Products */,
				D7D74D51A02AF0AE542CB59E /* Pods */,
				FC8BA63FF1E58FA6586353D6 /* Frameworks */,
			);
			sourceTree = "<group>";
		};
		DB7176F51EA7E712008666AC /* Products */ = {
			isa = PBXGroup;
			children = (
				DB7176F41EA7E712008666AC /* MusiqueDataEntry.app */,
				DB7177081EA7E713008666AC /* MusiqueDataEntryTests.xctest */,
				DB7177131EA7E713008666AC /* MusiqueDataEntryUITests.xctest */,
			);
			name = Products;
			sourceTree = "<group>";
		};
		DB7176F61EA7E712008666AC /* MusiqueDataEntry */ = {
			isa = PBXGroup;
			children = (
				DBAC9C221EF0321800CDDA72 /* Resources */,
				DBAC9C211EF0320500CDDA72 /* Views */,
				DBAC9C231EF0322300CDDA72 /* Network */,
				DBAC9C201EF031F400CDDA72 /* Models */,
				DB6598671EAAEFB50085BD05 /* GoogleService-Info.plist */,
				DB1C807D1EA7EC3B008A9B6C /* Resources */,
			);
			path = MusiqueDataEntry;
			sourceTree = "<group>";
		};
		DB71770B1EA7E713008666AC /* MusiqueDataEntryTests */ = {
			isa = PBXGroup;
			children = (
				DB71770C1EA7E713008666AC /* MusiqueDataEntryTests.swift */,
				DB71770E1EA7E713008666AC /* Info.plist */,
			);
			path = MusiqueDataEntryTests;
			sourceTree = "<group>";
		};
		DB7177161EA7E713008666AC /* MusiqueDataEntryUITests */ = {
			isa = PBXGroup;
			children = (
				DB7177171EA7E713008666AC /* MusiqueDataEntryUITests.swift */,
				DB7177191EA7E713008666AC /* Info.plist */,
			);
			path = MusiqueDataEntryUITests;
			sourceTree = "<group>";
		};
		DBAC9C201EF031F400CDDA72 /* Models */ = {
			isa = PBXGroup;
			children = (
				DBAC9C2E1EF0560300CDDA72 /* SeatGeekEvent.swift */,
				DB1DEA8C1EA9291600FD27BD /* Band.swift */,
				DB1DEA901EA92A6900FD27BD /* Event.swift */,
				DB1DEA921EA92A7800FD27BD /* Venue.swift */,
			);
			name = Models;
			sourceTree = "<group>";
		};
		DBAC9C211EF0320500CDDA72 /* Views */ = {
			isa = PBXGroup;
			children = (
				DBAC9C2C1EF0535700CDDA72 /* SeatGeekVC.swift */,
				DB1D55081EF06C4E005A1099 /* SeatGeekCell.swift */,
				DB1D550A1EF07EC4005A1099 /* VideoVC.swift */,
				DB65986B1EAE8D560085BD05 /* ToDoVC.swift */,
				DBAC9C281EF03C7000CDDA72 /* ToDoCell.swift */,
				DB7176F91EA7E713008666AC /* BandEntryVC.swift */,
				DB5B1A901EF102E400C80D20 /* EditBandVC.swift */,
				DB1DEA961EA92EBF00FD27BD /* EventEntryVC.swift */,
				DB6598691EAAF2920085BD05 /* VenueEntryVC.swift */,
			);
			name = Views;
			sourceTree = "<group>";
		};
		DBAC9C221EF0321800CDDA72 /* Resources */ = {
			isa = PBXGroup;
			children = (
				DB6598651EAAEC680085BD05 /* AutoCompleteTextField.swift */,
				DB1DEA941EA92E0000FD27BD /* TabBarController.swift */,
				DB7176F71EA7E712008666AC /* AppDelegate.swift */,
			);
			name = Resources;
			sourceTree = "<group>";
		};
		DBAC9C231EF0322300CDDA72 /* Network */ = {
			isa = PBXGroup;
			children = (
				DBAC9C2A1EF04FB700CDDA72 /* SeatGeekController.swift */,
				DB1DEA8E1EA9293E00FD27BD /* NetworkController.swift */,
				DBAC9C241EF0333400CDDA72 /* NetworkController+ToDo.swift */,
				DBAC9C261EF033B900CDDA72 /* NetworkController+Send.swift */,
			);
			name = Network;
			sourceTree = "<group>";
		};
		FC8BA63FF1E58FA6586353D6 /* Frameworks */ = {
			isa = PBXGroup;
			children = (
				35930150045AE778BC0282D1 /* Pods_MusiqueDataEntry.framework */,
			);
			name = Frameworks;
			sourceTree = "<group>";
		};
/* End PBXGroup section */

/* Begin PBXNativeTarget section */
		DB7176F31EA7E712008666AC /* MusiqueDataEntry */ = {
			isa = PBXNativeTarget;
			buildConfigurationList = DB71771C1EA7E713008666AC /* Build configuration list for PBXNativeTarget "MusiqueDataEntry" */;
			buildPhases = (
				4E53FE7D4221AE08EE2DA052 /* [CP] Check Pods Manifest.lock */,
				DB7176F01EA7E712008666AC /* Sources */,
				DB7176F11EA7E712008666AC /* Frameworks */,
				DB7176F21EA7E712008666AC /* Resources */,
				D5DE17836BE29A948A4283CD /* [CP] Embed Pods Frameworks */,
				FE30E29146B852474758F882 /* [CP] Copy Pods Resources */,
			);
			buildRules = (
			);
			dependencies = (
			);
			name = MusiqueDataEntry;
			productName = MusiqueDataEntry;
			productReference = DB7176F41EA7E712008666AC /* MusiqueDataEntry.app */;
			productType = "com.apple.product-type.application";
		};
		DB7177071EA7E713008666AC /* MusiqueDataEntryTests */ = {
			isa = PBXNativeTarget;
			buildConfigurationList = DB71771F1EA7E713008666AC /* Build configuration list for PBXNativeTarget "MusiqueDataEntryTests" */;
			buildPhases = (
				DB7177041EA7E713008666AC /* Sources */,
				DB7177051EA7E713008666AC /* Frameworks */,
				DB7177061EA7E713008666AC /* Resources */,
			);
			buildRules = (
			);
			dependencies = (
				DB71770A1EA7E713008666AC /* PBXTargetDependency */,
			);
			name = MusiqueDataEntryTests;
			productName = MusiqueDataEntryTests;
			productReference = DB7177081EA7E713008666AC /* MusiqueDataEntryTests.xctest */;
			productType = "com.apple.product-type.bundle.unit-test";
		};
		DB7177121EA7E713008666AC /* MusiqueDataEntryUITests */ = {
			isa = PBXNativeTarget;
			buildConfigurationList = DB7177221EA7E713008666AC /* Build configuration list for PBXNativeTarget "MusiqueDataEntryUITests" */;
			buildPhases = (
				DB71770F1EA7E713008666AC /* Sources */,
				DB7177101EA7E713008666AC /* Frameworks */,
				DB7177111EA7E713008666AC /* Resources */,
			);
			buildRules = (
			);
			dependencies = (
				DB7177151EA7E713008666AC /* PBXTargetDependency */,
			);
			name = MusiqueDataEntryUITests;
			productName = MusiqueDataEntryUITests;
			productReference = DB7177131EA7E713008666AC /* MusiqueDataEntryUITests.xctest */;
			productType = "com.apple.product-type.bundle.ui-testing";
		};
/* End PBXNativeTarget section */

/* Begin PBXProject section */
		DB7176EC1EA7E712008666AC /* Project object */ = {
			isa = PBXProject;
			attributes = {
				LastSwiftUpdateCheck = 0820;
				LastUpgradeCheck = 0820;
				ORGANIZATIONNAME = twil;
				TargetAttributes = {
					DB7176F31EA7E712008666AC = {
						CreatedOnToolsVersion = 8.2.1;
						DevelopmentTeam = T8F23BFN6Q;
						LastSwiftMigration = 0820;
						ProvisioningStyle = Automatic;
					};
					DB7177071EA7E713008666AC = {
						CreatedOnToolsVersion = 8.2.1;
						DevelopmentTeam = T8F23BFN6Q;
						LastSwiftMigration = 0820;
						ProvisioningStyle = Automatic;
						TestTargetID = DB7176F31EA7E712008666AC;
					};
					DB7177121EA7E713008666AC = {
						CreatedOnToolsVersion = 8.2.1;
						DevelopmentTeam = T8F23BFN6Q;
						LastSwiftMigration = 0820;
						ProvisioningStyle = Automatic;
						TestTargetID = DB7176F31EA7E712008666AC;
					};
				};
			};
			buildConfigurationList = DB7176EF1EA7E712008666AC /* Build configuration list for PBXProject "MusiqueDataEntry" */;
			compatibilityVersion = "Xcode 3.2";
			developmentRegion = English;
			hasScannedForEncodings = 0;
			knownRegions = (
				en,
				Base,
			);
			mainGroup = DB7176EB1EA7E712008666AC;
			productRefGroup = DB7176F51EA7E712008666AC /* Products */;
			projectDirPath = "";
			projectRoot = "";
			targets = (
				DB7176F31EA7E712008666AC /* MusiqueDataEntry */,
				DB7177071EA7E713008666AC /* MusiqueDataEntryTests */,
				DB7177121EA7E713008666AC /* MusiqueDataEntryUITests */,
			);
		};
/* End PBXProject section */

/* Begin PBXResourcesBuildPhase section */
		DB7176F21EA7E712008666AC /* Resources */ = {
			isa = PBXResourcesBuildPhase;
			buildActionMask = 2147483647;
			files = (
				DB1C80731EA7EBC6008A9B6C /* Main.storyboard in Resources */,
				DB6598681EAAEFB50085BD05 /* GoogleService-Info.plist in Resources */,
				DB7177021EA7E713008666AC /* LaunchScreen.storyboard in Resources */,
				DB7176FF1EA7E713008666AC /* Assets.xcassets in Resources */,
			);
			runOnlyForDeploymentPostprocessing = 0;
		};
		DB7177061EA7E713008666AC /* Resources */ = {
			isa = PBXResourcesBuildPhase;
			buildActionMask = 2147483647;
			files = (
			);
			runOnlyForDeploymentPostprocessing = 0;
		};
		DB7177111EA7E713008666AC /* Resources */ = {
			isa = PBXResourcesBuildPhase;
			buildActionMask = 2147483647;
			files = (
			);
			runOnlyForDeploymentPostprocessing = 0;
		};
/* End PBXResourcesBuildPhase section */

/* Begin PBXShellScriptBuildPhase section */
		4E53FE7D4221AE08EE2DA052 /* [CP] Check Pods Manifest.lock */ = {
			isa = PBXShellScriptBuildPhase;
			buildActionMask = 2147483647;
			files = (
			);
			inputPaths = (
			);
			name = "[CP] Check Pods Manifest.lock";
			outputPaths = (
			);
			runOnlyForDeploymentPostprocessing = 0;
			shellPath = /bin/sh;
			shellScript = "diff \"${PODS_ROOT}/../Podfile.lock\" \"${PODS_ROOT}/Manifest.lock\" > /dev/null\nif [[ $? != 0 ]] ; then\n    cat << EOM\nerror: The sandbox is not in sync with the Podfile.lock. Run 'pod install' or update your CocoaPods installation.\nEOM\n    exit 1\nfi\n";
			showEnvVarsInLog = 0;
		};
		D5DE17836BE29A948A4283CD /* [CP] Embed Pods Frameworks */ = {
			isa = PBXShellScriptBuildPhase;
			buildActionMask = 2147483647;
			files = (
			);
			inputPaths = (
			);
			name = "[CP] Embed Pods Frameworks";
			outputPaths = (
			);
			runOnlyForDeploymentPostprocessing = 0;
			shellPath = /bin/sh;
			shellScript = "\"${SRCROOT}/Pods/Target Support Files/Pods-MusiqueDataEntry/Pods-MusiqueDataEntry-frameworks.sh\"\n";
			showEnvVarsInLog = 0;
		};
		FE30E29146B852474758F882 /* [CP] Copy Pods Resources */ = {
			isa = PBXShellScriptBuildPhase;
			buildActionMask = 2147483647;
			files = (
			);
			inputPaths = (
			);
			name = "[CP] Copy Pods Resources";
			outputPaths = (
			);
			runOnlyForDeploymentPostprocessing = 0;
			shellPath = /bin/sh;
			shellScript = "\"${SRCROOT}/Pods/Target Support Files/Pods-MusiqueDataEntry/Pods-MusiqueDataEntry-resources.sh\"\n";
			showEnvVarsInLog = 0;
		};
/* End PBXShellScriptBuildPhase section */

/* Begin PBXSourcesBuildPhase section */
		DB7176F01EA7E712008666AC /* Sources */ = {
			isa = PBXSourcesBuildPhase;
			buildActionMask = 2147483647;
			files = (
				DBAC9C271EF033B900CDDA72 /* NetworkController+Send.swift in Sources */,
				DB1DEA8F1EA9293E00FD27BD /* NetworkController.swift in Sources */,
				DB1DEA931EA92A7800FD27BD /* Venue.swift in Sources */,
				DB1DEA971EA92EBF00FD27BD /* EventEntryVC.swift in Sources */,
				DB65986C1EAE8D560085BD05 /* ToDoVC.swift in Sources */,
				DB6598661EAAEC680085BD05 /* AutoCompleteTextField.swift in Sources */,
				DB1D55091EF06C4E005A1099 /* SeatGeekCell.swift in Sources */,
				DB1DEA8D1EA9291600FD27BD /* Band.swift in Sources */,
				DB7176FA1EA7E713008666AC /* BandEntryVC.swift in Sources */,
				DB1DEA951EA92E0000FD27BD /* TabBarController.swift in Sources */,
				DBAC9C291EF03C7000CDDA72 /* ToDoCell.swift in Sources */,
				DBAC9C2B1EF04FB700CDDA72 /* SeatGeekController.swift in Sources */,
				DBAC9C2F1EF0560300CDDA72 /* SeatGeekEvent.swift in Sources */,
				DB1D550B1EF07EC4005A1099 /* VideoVC.swift in Sources */,
				DB7176F81EA7E713008666AC /* AppDelegate.swift in Sources */,
				DB5B1A911EF102E400C80D20 /* EditBandVC.swift in Sources */,
				DB1DEA911EA92A6900FD27BD /* Event.swift in Sources */,
				DBAC9C2D1EF0535700CDDA72 /* SeatGeekVC.swift in Sources */,
				DBAC9C251EF0333400CDDA72 /* NetworkController+ToDo.swift in Sources */,
				DB65986A1EAAF2920085BD05 /* VenueEntryVC.swift in Sources */,
			);
			runOnlyForDeploymentPostprocessing = 0;
		};
		DB7177041EA7E713008666AC /* Sources */ = {
			isa = PBXSourcesBuildPhase;
			buildActionMask = 2147483647;
			files = (
				DB71770D1EA7E713008666AC /* MusiqueDataEntryTests.swift in Sources */,
			);
			runOnlyForDeploymentPostprocessing = 0;
		};
		DB71770F1EA7E713008666AC /* Sources */ = {
			isa = PBXSourcesBuildPhase;
			buildActionMask = 2147483647;
			files = (
				DB7177181EA7E713008666AC /* MusiqueDataEntryUITests.swift in Sources */,
			);
			runOnlyForDeploymentPostprocessing = 0;
		};
/* End PBXSourcesBuildPhase section */

/* Begin PBXTargetDependency section */
		DB71770A1EA7E713008666AC /* PBXTargetDependency */ = {
			isa = PBXTargetDependency;
			target = DB7176F31EA7E712008666AC /* MusiqueDataEntry */;
			targetProxy = DB7177091EA7E713008666AC /* PBXContainerItemProxy */;
		};
		DB7177151EA7E713008666AC /* PBXTargetDependency */ = {
			isa = PBXTargetDependency;
			target = DB7176F31EA7E712008666AC /* MusiqueDataEntry */;
			targetProxy = DB7177141EA7E713008666AC /* PBXContainerItemProxy */;
		};
/* End PBXTargetDependency section */

/* Begin PBXVariantGroup section */
		DB7177001EA7E713008666AC /* LaunchScreen.storyboard */ = {
			isa = PBXVariantGroup;
			children = (
				DB7177011EA7E713008666AC /* Base */,
			);
			name = LaunchScreen.storyboard;
			sourceTree = "<group>";
		};
/* End PBXVariantGroup section */

/* Begin XCBuildConfiguration section */
		DB71771A1EA7E713008666AC /* Debug */ = {
			isa = XCBuildConfiguration;
			buildSettings = {
				ALWAYS_SEARCH_USER_PATHS = NO;
				CLANG_ANALYZER_NONNULL = YES;
				CLANG_CXX_LANGUAGE_STANDARD = "gnu++0x";
				CLANG_CXX_LIBRARY = "libc++";
				CLANG_ENABLE_MODULES = YES;
				CLANG_ENABLE_OBJC_ARC = YES;
				CLANG_WARN_BOOL_CONVERSION = YES;
				CLANG_WARN_CONSTANT_CONVERSION = YES;
				CLANG_WARN_DIRECT_OBJC_ISA_USAGE = YES_ERROR;
				CLANG_WARN_DOCUMENTATION_COMMENTS = YES;
				CLANG_WARN_EMPTY_BODY = YES;
				CLANG_WARN_ENUM_CONVERSION = YES;
				CLANG_WARN_INFINITE_RECURSION = YES;
				CLANG_WARN_INT_CONVERSION = YES;
				CLANG_WARN_OBJC_ROOT_CLASS = YES_ERROR;
				CLANG_WARN_SUSPICIOUS_MOVE = YES;
				CLANG_WARN_UNREACHABLE_CODE = YES;
				CLANG_WARN__DUPLICATE_METHOD_MATCH = YES;
				"CODE_SIGN_IDENTITY[sdk=iphoneos*]" = "iPhone Developer";
				COPY_PHASE_STRIP = NO;
				DEBUG_INFORMATION_FORMAT = dwarf;
				ENABLE_STRICT_OBJC_MSGSEND = YES;
				ENABLE_TESTABILITY = YES;
				GCC_C_LANGUAGE_STANDARD = gnu99;
				GCC_DYNAMIC_NO_PIC = NO;
				GCC_NO_COMMON_BLOCKS = YES;
				GCC_OPTIMIZATION_LEVEL = 0;
				GCC_PREPROCESSOR_DEFINITIONS = (
					"DEBUG=1",
					"$(inherited)",
				);
				GCC_WARN_64_TO_32_BIT_CONVERSION = YES;
				GCC_WARN_ABOUT_RETURN_TYPE = YES_ERROR;
				GCC_WARN_UNDECLARED_SELECTOR = YES;
				GCC_WARN_UNINITIALIZED_AUTOS = YES_AGGRESSIVE;
				GCC_WARN_UNUSED_FUNCTION = YES;
				GCC_WARN_UNUSED_VARIABLE = YES;
				IPHONEOS_DEPLOYMENT_TARGET = 10.2;
				MTL_ENABLE_DEBUG_INFO = YES;
				ONLY_ACTIVE_ARCH = YES;
				SDKROOT = iphoneos;
				SWIFT_ACTIVE_COMPILATION_CONDITIONS = DEBUG;
				SWIFT_OPTIMIZATION_LEVEL = "-Onone";
				TARGETED_DEVICE_FAMILY = 2;
			};
			name = Debug;
		};
		DB71771B1EA7E713008666AC /* Release */ = {
			isa = XCBuildConfiguration;
			buildSettings = {
				ALWAYS_SEARCH_USER_PATHS = NO;
				CLANG_ANALYZER_NONNULL = YES;
				CLANG_CXX_LANGUAGE_STANDARD = "gnu++0x";
				CLANG_CXX_LIBRARY = "libc++";
				CLANG_ENABLE_MODULES = YES;
				CLANG_ENABLE_OBJC_ARC = YES;
				CLANG_WARN_BOOL_CONVERSION = YES;
				CLANG_WARN_CONSTANT_CONVERSION = YES;
				CLANG_WARN_DIRECT_OBJC_ISA_USAGE = YES_ERROR;
				CLANG_WARN_DOCUMENTATION_COMMENTS = YES;
				CLANG_WARN_EMPTY_BODY = YES;
				CLANG_WARN_ENUM_CONVERSION = YES;
				CLANG_WARN_INFINITE_RECURSION = YES;
				CLANG_WARN_INT_CONVERSION = YES;
				CLANG_WARN_OBJC_ROOT_CLASS = YES_ERROR;
				CLANG_WARN_SUSPICIOUS_MOVE = YES;
				CLANG_WARN_UNREACHABLE_CODE = YES;
				CLANG_WARN__DUPLICATE_METHOD_MATCH = YES;
				"CODE_SIGN_IDENTITY[sdk=iphoneos*]" = "iPhone Developer";
				COPY_PHASE_STRIP = NO;
				DEBUG_INFORMATION_FORMAT = "dwarf-with-dsym";
				ENABLE_NS_ASSERTIONS = NO;
				ENABLE_STRICT_OBJC_MSGSEND = YES;
				GCC_C_LANGUAGE_STANDARD = gnu99;
				GCC_NO_COMMON_BLOCKS = YES;
				GCC_WARN_64_TO_32_BIT_CONVERSION = YES;
				GCC_WARN_ABOUT_RETURN_TYPE = YES_ERROR;
				GCC_WARN_UNDECLARED_SELECTOR = YES;
				GCC_WARN_UNINITIALIZED_AUTOS = YES_AGGRESSIVE;
				GCC_WARN_UNUSED_FUNCTION = YES;
				GCC_WARN_UNUSED_VARIABLE = YES;
				IPHONEOS_DEPLOYMENT_TARGET = 10.2;
				MTL_ENABLE_DEBUG_INFO = NO;
				SDKROOT = iphoneos;
				SWIFT_OPTIMIZATION_LEVEL = "-Owholemodule";
				TARGETED_DEVICE_FAMILY = 2;
				VALIDATE_PRODUCT = YES;
			};
			name = Release;
		};
		DB71771D1EA7E713008666AC /* Debug */ = {
			isa = XCBuildConfiguration;
			baseConfigurationReference = AAF82A41F63859A724020D2B /* Pods-MusiqueDataEntry.debug.xcconfig */;
			buildSettings = {
				ASSETCATALOG_COMPILER_APPICON_NAME = AppIcon;
				DEVELOPMENT_TEAM = T8F23BFN6Q;
				FRAMEWORK_SEARCH_PATHS = (
					"$(inherited)",
					"$(PROJECT_DIR)/MusiqueDataEntry",
				);
				INFOPLIST_FILE = MusiqueDataEntry/Info.plist;
				IPHONEOS_DEPLOYMENT_TARGET = 9.0;
				LD_RUNPATH_SEARCH_PATHS = "$(inherited) @executable_path/Frameworks";
				PRODUCT_BUNDLE_IDENTIFIER = twil.MusiqueDataEntry;
				PRODUCT_NAME = "$(TARGET_NAME)";
				SWIFT_VERSION = 3.0;
				TARGETED_DEVICE_FAMILY = 2;
			};
			name = Debug;
		};
		DB71771E1EA7E713008666AC /* Release */ = {
			isa = XCBuildConfiguration;
			baseConfigurationReference = 3F282016DCA9D71E8F449973 /* Pods-MusiqueDataEntry.release.xcconfig */;
			buildSettings = {
				ASSETCATALOG_COMPILER_APPICON_NAME = AppIcon;
				DEVELOPMENT_TEAM = T8F23BFN6Q;
				FRAMEWORK_SEARCH_PATHS = (
					"$(inherited)",
					"$(PROJECT_DIR)/MusiqueDataEntry",
				);
				INFOPLIST_FILE = MusiqueDataEntry/Info.plist;
				IPHONEOS_DEPLOYMENT_TARGET = 9.0;
				LD_RUNPATH_SEARCH_PATHS = "$(inherited) @executable_path/Frameworks";
				PRODUCT_BUNDLE_IDENTIFIER = twil.MusiqueDataEntry;
				PRODUCT_NAME = "$(TARGET_NAME)";
				SWIFT_VERSION = 3.0;
				TARGETED_DEVICE_FAMILY = 2;
			};
			name = Release;
		};
		DB7177201EA7E713008666AC /* Debug */ = {
			isa = XCBuildConfiguration;
			buildSettings = {
				ALWAYS_EMBED_SWIFT_STANDARD_LIBRARIES = YES;
				BUNDLE_LOADER = "$(TEST_HOST)";
				DEVELOPMENT_TEAM = T8F23BFN6Q;
				INFOPLIST_FILE = MusiqueDataEntryTests/Info.plist;
				LD_RUNPATH_SEARCH_PATHS = "$(inherited) @executable_path/Frameworks @loader_path/Frameworks";
				PRODUCT_BUNDLE_IDENTIFIER = twil.MusiqueDataEntryTests;
				PRODUCT_NAME = "$(TARGET_NAME)";
				SWIFT_VERSION = 3.0;
				TEST_HOST = "$(BUILT_PRODUCTS_DIR)/MusiqueDataEntry.app/MusiqueDataEntry";
			};
			name = Debug;
		};
		DB7177211EA7E713008666AC /* Release */ = {
			isa = XCBuildConfiguration;
			buildSettings = {
				ALWAYS_EMBED_SWIFT_STANDARD_LIBRARIES = YES;
				BUNDLE_LOADER = "$(TEST_HOST)";
				DEVELOPMENT_TEAM = T8F23BFN6Q;
				INFOPLIST_FILE = MusiqueDataEntryTests/Info.plist;
				LD_RUNPATH_SEARCH_PATHS = "$(inherited) @executable_path/Frameworks @loader_path/Frameworks";
				PRODUCT_BUNDLE_IDENTIFIER = twil.MusiqueDataEntryTests;
				PRODUCT_NAME = "$(TARGET_NAME)";
				SWIFT_VERSION = 3.0;
				TEST_HOST = "$(BUILT_PRODUCTS_DIR)/MusiqueDataEntry.app/MusiqueDataEntry";
			};
			name = Release;
		};
		DB7177231EA7E713008666AC /* Debug */ = {
			isa = XCBuildConfiguration;
			buildSettings = {
				ALWAYS_EMBED_SWIFT_STANDARD_LIBRARIES = YES;
				DEVELOPMENT_TEAM = T8F23BFN6Q;
				INFOPLIST_FILE = MusiqueDataEntryUITests/Info.plist;
				LD_RUNPATH_SEARCH_PATHS = "$(inherited) @executable_path/Frameworks @loader_path/Frameworks";
				PRODUCT_BUNDLE_IDENTIFIER = twil.MusiqueDataEntryUITests;
				PRODUCT_NAME = "$(TARGET_NAME)";
				SWIFT_VERSION = 3.0;
				TEST_TARGET_NAME = MusiqueDataEntry;
			};
			name = Debug;
		};
		DB7177241EA7E713008666AC /* Release */ = {
			isa = XCBuildConfiguration;
			buildSettings = {
				ALWAYS_EMBED_SWIFT_STANDARD_LIBRARIES = YES;
				DEVELOPMENT_TEAM = T8F23BFN6Q;
				INFOPLIST_FILE = MusiqueDataEntryUITests/Info.plist;
				LD_RUNPATH_SEARCH_PATHS = "$(inherited) @executable_path/Frameworks @loader_path/Frameworks";
				PRODUCT_BUNDLE_IDENTIFIER = twil.MusiqueDataEntryUITests;
				PRODUCT_NAME = "$(TARGET_NAME)";
				SWIFT_VERSION = 3.0;
				TEST_TARGET_NAME = MusiqueDataEntry;
			};
			name = Release;
		};
/* End XCBuildConfiguration section */

/* Begin XCConfigurationList section */
		DB7176EF1EA7E712008666AC /* Build configuration list for PBXProject "MusiqueDataEntry" */ = {
			isa = XCConfigurationList;
			buildConfigurations = (
				DB71771A1EA7E713008666AC /* Debug */,
				DB71771B1EA7E713008666AC /* Release */,
			);
			defaultConfigurationIsVisible = 0;
			defaultConfigurationName = Release;
		};
		DB71771C1EA7E713008666AC /* Build configuration list for PBXNativeTarget "MusiqueDataEntry" */ = {
			isa = XCConfigurationList;
			buildConfigurations = (
				DB71771D1EA7E713008666AC /* Debug */,
				DB71771E1EA7E713008666AC /* Release */,
			);
			defaultConfigurationIsVisible = 0;
			defaultConfigurationName = Release;
		};
		DB71771F1EA7E713008666AC /* Build configuration list for PBXNativeTarget "MusiqueDataEntryTests" */ = {
			isa = XCConfigurationList;
			buildConfigurations = (
				DB7177201EA7E713008666AC /* Debug */,
				DB7177211EA7E713008666AC /* Release */,
			);
			defaultConfigurationIsVisible = 0;
			defaultConfigurationName = Release;
		};
		DB7177221EA7E713008666AC /* Build configuration list for PBXNativeTarget "MusiqueDataEntryUITests" */ = {
			isa = XCConfigurationList;
			buildConfigurations = (
				DB7177231EA7E713008666AC /* Debug */,
				DB7177241EA7E713008666AC /* Release */,
			);
			defaultConfigurationIsVisible = 0;
			defaultConfigurationName = Release;
		};
/* End XCConfigurationList section */
	};
	rootObject = DB7176EC1EA7E712008666AC /* Project object */;
}
